
Microsoft Visual Studio Solution File, Format Version 12.00
# Visual Studio Version 16
VisualStudioVersion = 16.0.30804.86
MinimumVisualStudioVersion = 10.0.40219.1
Project("{9A19103F-16F7-4668-BE54-9A1E7A4F7556}") = "KampIntro", "KampIntro\KampIntro.csproj", "{6860E646-F655-448B-92C1-08B69BE0C1EE}"
EndProject
Project("{9A19103F-16F7-4668-BE54-9A1E7A4F7556}") = "Donguler", "Donguler\Donguler.csproj", "{0A46602B-1F82-4AC5-BCE6-87DCC91037AB}"
EndProject
Project("{9A19103F-16F7-4668-BE54-9A1E7A4F7556}") = "ClassIntro", "ClassIntro\ClassIntro.csproj", "{FF4D1AB1-D9E4-492A-BA26-6A39D511529E}"
EndProject
Project("{9A19103F-16F7-4668-BE54-9A1E7A4F7556}") = "Metotlar", "Metotlar\Metotlar.csproj", "{CE6B0FF0-D3F5-4FB9-B7F6-4DE140392FDE}"
EndProject
Project("{9A19103F-16F7-4668-BE54-9A1E7A4F7556}") = "Matematik", "Matematik\Matematik.csproj", "{81B087F1-926A-4C84-AD43-8642CD108BEB}"
EndProject
Project("{9A19103F-16F7-4668-BE54-9A1E7A4F7556}") = "DegerVeReferansTipler", "DegerVeReferansTipler\DegerVeReferansTipler.csproj", "{F7FDDB71-94E6-4F20-A786-A98C3CE9C133}"
EndProject
Project("{9A19103F-16F7-4668-BE54-9A1E7A4F7556}") = "OOP1", "OOP1\OOP1.csproj", "{BCE2F4E9-BF5A-4427-99EB-9B2F9EF93C79}"
EndProject
Project("{9A19103F-16F7-4668-BE54-9A1E7A4F7556}") = "Koleksiyonlar", "Koleksiyonlar\Koleksiyonlar.csproj", "{EFB44199-8367-4F50-9C06-5DE7EB1D8115}"
EndProject
Project("{9A19103F-16F7-4668-BE54-9A1E7A4F7556}") = "GenericsIntro", "GenericsIntro\GenericsIntro.csproj", "{75E90222-49DB-4092-BFB1-31B118592F3F}"
EndProject
Project("{9A19103F-16F7-4668-BE54-9A1E7A4F7556}") = "OOP2", "OOP2\OOP2.csproj", "{30A526A9-8EAA-4863-9615-5565BD98A398}"
EndProject
Project("{9A19103F-16F7-4668-BE54-9A1E7A4F7556}") = "OOP3", "OOP3\OOP3.csproj", "{7BC6DAC4-E739-4611-B4EB-B5843DB73EE4}"
EndProject
Project("{FAE04EC0-301F-11D3-BF4B-00C04F79EFBC}") = "GameSystem", "GameSystem\GameSystem.csproj", "{92A31AE8-00F1-482B-97A8-EDA9CB2C92D6}"
EndProject
Project("{FAE04EC0-301F-11D3-BF4B-00C04F79EFBC}") = "MyDictionary", "MyDictionary\MyDictionary.csproj", "{94BE0991-22F8-4C1D-BD7C-648D1CBC9C5F}"
EndProject
Global
	GlobalSection(SolutionConfigurationPlatforms) = preSolution
		Debug|Any CPU = Debug|Any CPU
		Release|Any CPU = Release|Any CPU
	EndGlobalSection
	GlobalSection(ProjectConfigurationPlatforms) = postSolution
		{6860E646-F655-448B-92C1-08B69BE0C1EE}.Debug|Any CPU.ActiveCfg = Debug|Any CPU
		{6860E646-F655-448B-92C1-08B69BE0C1EE}.Debug|Any CPU.Build.0 = Debug|Any CPU
		{6860E646-F655-448B-92C1-08B69BE0C1EE}.Release|Any CPU.ActiveCfg = Release|Any CPU
		{6860E646-F655-448B-92C1-08B69BE0C1EE}.Release|Any CPU.Build.0 = Release|Any CPU
		{0A46602B-1F82-4AC5-BCE6-87DCC91037AB}.Debug|Any CPU.ActiveCfg = Debug|Any CPU
		{0A46602B-1F82-4AC5-BCE6-87DCC91037AB}.Debug|Any CPU.Build.0 = Debug|Any CPU
		{0A46602B-1F82-4AC5-BCE6-87DCC91037AB}.Release|Any CPU.ActiveCfg = Release|Any CPU
		{0A46602B-1F82-4AC5-BCE6-87DCC91037AB}.Release|Any CPU.Build.0 = Release|Any CPU
		{FF4D1AB1-D9E4-492A-BA26-6A39D511529E}.Debug|Any CPU.ActiveCfg = Debug|Any CPU
		{FF4D1AB1-D9E4-492A-BA26-6A39D511529E}.Debug|Any CPU.Build.0 = Debug|Any CPU
		{FF4D1AB1-D9E4-492A-BA26-6A39D511529E}.Release|Any CPU.ActiveCfg = Release|Any CPU
		{FF4D1AB1-D9E4-492A-BA26-6A39D511529E}.Release|Any CPU.Build.0 = Release|Any CPU
		{CE6B0FF0-D3F5-4FB9-B7F6-4DE140392FDE}.Debug|Any CPU.ActiveCfg = Debug|Any CPU
		{CE6B0FF0-D3F5-4FB9-B7F6-4DE140392FDE}.Debug|Any CPU.Build.0 = Debug|Any CPU
		{CE6B0FF0-D3F5-4FB9-B7F6-4DE140392FDE}.Release|Any CPU.ActiveCfg = Release|Any CPU
		{CE6B0FF0-D3F5-4FB9-B7F6-4DE140392FDE}.Release|Any CPU.Build.0 = Release|Any CPU
		{81B087F1-926A-4C84-AD43-8642CD108BEB}.Debug|Any CPU.ActiveCfg = Debug|Any CPU
		{81B087F1-926A-4C84-AD43-8642CD108BEB}.Debug|Any CPU.Build.0 = Debug|Any CPU
		{81B087F1-926A-4C84-AD43-8642CD108BEB}.Release|Any CPU.ActiveCfg = Release|Any CPU
		{81B087F1-926A-4C84-AD43-8642CD108BEB}.Release|Any CPU.Build.0 = Release|Any CPU
		{F7FDDB71-94E6-4F20-A786-A98C3CE9C133}.Debug|Any CPU.ActiveCfg = Debug|Any CPU
		{F7FDDB71-94E6-4F20-A786-A98C3CE9C133}.Debug|Any CPU.Build.0 = Debug|Any CPU
		{F7FDDB71-94E6-4F20-A786-A98C3CE9C133}.Release|Any CPU.ActiveCfg = Release|Any CPU
		{F7FDDB71-94E6-4F20-A786-A98C3CE9C133}.Release|Any CPU.Build.0 = Release|Any CPU
		{BCE2F4E9-BF5A-4427-99EB-9B2F9EF93C79}.Debug|Any CPU.ActiveCfg = Debug|Any CPU
		{BCE2F4E9-BF5A-4427-99EB-9B2F9EF93C79}.Debug|Any CPU.Build.0 = Debug|Any CPU
		{BCE2F4E9-BF5A-4427-99EB-9B2F9EF93C79}.Release|Any CPU.ActiveCfg = Release|Any CPU
		{BCE2F4E9-BF5A-4427-99EB-9B2F9EF93C79}.Release|Any CPU.Build.0 = Release|Any CPU
		{EFB44199-8367-4F50-9C06-5DE7EB1D8115}.Debug|Any CPU.ActiveCfg = Debug|Any CPU
		{EFB44199-8367-4F50-9C06-5DE7EB1D8115}.Debug|Any CPU.Build.0 = Debug|Any CPU
		{EFB44199-8367-4F50-9C06-5DE7EB1D8115}.Release|Any CPU.ActiveCfg = Release|Any CPU
		{EFB44199-8367-4F50-9C06-5DE7EB1D8115}.Release|Any CPU.Build.0 = Release|Any CPU
		{75E90222-49DB-4092-BFB1-31B118592F3F}.Debug|Any CPU.ActiveCfg = Debug|Any CPU
		{75E90222-49DB-4092-BFB1-31B118592F3F}.Debug|Any CPU.Build.0 = Debug|Any CPU
		{75E90222-49DB-4092-BFB1-31B118592F3F}.Release|Any CPU.ActiveCfg = Release|Any CPU
		{75E90222-49DB-4092-BFB1-31B118592F3F}.Release|Any CPU.Build.0 = Release|Any CPU
		{30A526A9-8EAA-4863-9615-5565BD98A398}.Debug|Any CPU.ActiveCfg = Debug|Any CPU
		{30A526A9-8EAA-4863-9615-5565BD98A398}.Debug|Any CPU.Build.0 = Debug|Any CPU
		{30A526A9-8EAA-4863-9615-5565BD98A398}.Release|Any CPU.ActiveCfg = Release|Any CPU
		{30A526A9-8EAA-4863-9615-5565BD98A398}.Release|Any CPU.Build.0 = Release|Any CPU
		{7BC6DAC4-E739-4611-B4EB-B5843DB73EE4}.Debug|Any CPU.ActiveCfg = Debug|Any CPU
		{7BC6DAC4-E739-4611-B4EB-B5843DB73EE4}.Debug|Any CPU.Build.0 = Debug|Any CPU
		{7BC6DAC4-E739-4611-B4EB-B5843DB73EE4}.Release|Any CPU.ActiveCfg = Release|Any CPU
		{7BC6DAC4-E739-4611-B4EB-B5843DB73EE4}.Release|Any CPU.Build.0 = Release|Any CPU
		{92A31AE8-00F1-482B-97A8-EDA9CB2C92D6}.Debug|Any CPU.ActiveCfg = Debug|Any CPU
		{92A31AE8-00F1-482B-97A8-EDA9CB2C92D6}.Debug|Any CPU.Build.0 = Debug|Any CPU
		{92A31AE8-00F1-482B-97A8-EDA9CB2C92D6}.Release|Any CPU.ActiveCfg = Release|Any CPU
		{92A31AE8-00F1-482B-97A8-EDA9CB2C92D6}.Release|Any CPU.Build.0 = Release|Any CPU
		{94BE0991-22F8-4C1D-BD7C-648D1CBC9C5F}.Debug|Any CPU.ActiveCfg = Debug|Any CPU
		{94BE0991-22F8-4C1D-BD7C-648D1CBC9C5F}.Debug|Any CPU.Build.0 = Debug|Any CPU
		{94BE0991-22F8-4C1D-BD7C-648D1CBC9C5F}.Release|Any CPU.ActiveCfg = Release|Any CPU
		{94BE0991-22F8-4C1D-BD7C-648D1CBC9C5F}.Release|Any CPU.Build.0 = Release|Any CPU
	EndGlobalSection
	GlobalSection(SolutionProperties) = preSolution
		HideSolutionNode = FALSE
	EndGlobalSection
	GlobalSection(ExtensibilityGlobals) = postSolution
		SolutionGuid = {D62C2422-5B57-4FF9-841A-E6F6311F76A2}
	EndGlobalSection
EndGlobal
